// !$*UTF8*$!
{
	archiveVersion = 1;
	classes = {
	};
	objectVersion = 50;
	objects = {

/* Begin PBXBuildFile section */
		968BF2B62689FD1B00F02979 /* AppDelegate.swift in Sources */ = {isa = PBXBuildFile; fileRef = 968BF2B52689FD1B00F02979 /* AppDelegate.swift */; };
		968BF2B82689FD1B00F02979 /* SceneDelegate.swift in Sources */ = {isa = PBXBuildFile; fileRef = 968BF2B72689FD1B00F02979 /* SceneDelegate.swift */; };
		968BF2BA2689FD1B00F02979 /* ViewController.swift in Sources */ = {isa = PBXBuildFile; fileRef = 968BF2B92689FD1B00F02979 /* ViewController.swift */; };
		968BF2BD2689FD1B00F02979 /* Main.storyboard in Resources */ = {isa = PBXBuildFile; fileRef = 968BF2BB2689FD1B00F02979 /* Main.storyboard */; };
		968BF2BF2689FD1D00F02979 /* Assets.xcassets in Resources */ = {isa = PBXBuildFile; fileRef = 968BF2BE2689FD1D00F02979 /* Assets.xcassets */; };
		968BF2C22689FD1D00F02979 /* LaunchScreen.storyboard in Resources */ = {isa = PBXBuildFile; fileRef = 968BF2C02689FD1D00F02979 /* LaunchScreen.storyboard */; };
/* End PBXBuildFile section */

/* Begin PBXFileReference section */
		968BF2B22689FD1B00F02979 /* shopeeClone.app */ = {isa = PBXFileReference; explicitFileType = wrapper.application; includeInIndex = 0; path = shopeeClone.app; sourceTree = BUILT_PRODUCTS_DIR; };
		968BF2B52689FD1B00F02979 /* AppDelegate.swift */ = {isa = PBXFileReference; lastKnownFileType = sourcecode.swift; path = AppDelegate.swift; sourceTree = "<group>"; };
		968BF2B72689FD1B00F02979 /* SceneDelegate.swift */ = {isa = PBXFileReference; lastKnownFileType = sourcecode.swift; path = SceneDelegate.swift; sourceTree = "<group>"; };
		968BF2B92689FD1B00F02979 /* ViewController.swift */ = {isa = PBXFileReference; lastKnownFileType = sourcecode.swift; path = ViewController.swift; sourceTree = "<group>"; };
		968BF2BC2689FD1B00F02979 /* Base */ = {isa = PBXFileReference; lastKnownFileType = file.storyboard; name = Base; path = Base.lproj/Main.storyboard; sourceTree = "<group>"; };
		968BF2BE2689FD1D00F02979 /* Assets.xcassets */ = {isa = PBXFileReference; lastKnownFileType = folder.assetcatalog; path = Assets.xcassets; sourceTree = "<group>"; };
		968BF2C12689FD1D00F02979 /* Base */ = {isa = PBXFileReference; lastKnownFileType = file.storyboard; name = Base; path = Base.lproj/LaunchScreen.storyboard; sourceTree = "<group>"; };
		968BF2C32689FD1D00F02979 /* Info.plist */ = {isa = PBXFileReference; lastKnownFileType = text.plist.xml; path = Info.plist; sourceTree = "<group>"; };
/* End PBXFileReference section */

/* Begin PBXFrameworksBuildPhase section */
		968BF2AF2689FD1B00F02979 /* Frameworks */ = {
			isa = PBXFrameworksBuildPhase;
			buildActionMask = 2147483647;
			files = (
			);
			runOnlyForDeploymentPostprocessing = 0;
		};
/* End PBXFrameworksBuildPhase section */

/* Begin PBXGroup section */
		968BF2A92689FD1B00F02979 = {
			isa = PBXGroup;
			children = (
				968BF2B42689FD1B00F02979 /* shopeeClone */,
				968BF2B32689FD1B00F02979 /* Products */,
			);
			sourceTree = "<group>";
		};
		968BF2B32689FD1B00F02979 /* Products */ = {
			isa = PBXGroup;
			children = (
				968BF2B22689FD1B00F02979 /* shopeeClone.app */,
			);
			name = Products;
			sourceTree = "<group>";
		};
		968BF2B42689FD1B00F02979 /* shopeeClone */ = {
			isa = PBXGroup;
			children = (
				968BF2B52689FD1B00F02979 /* AppDelegate.swift */,
				968BF2B72689FD1B00F02979 /* SceneDelegate.swift */,
				968BF2B92689FD1B00F02979 /* ViewController.swift */,
				968BF2BB2689FD1B00F02979 /* Main.storyboard */,
				968BF2BE2689FD1D00F02979 /* Assets.xcassets */,
				968BF2C02689FD1D00F02979 /* LaunchScreen.storyboard */,
				968BF2C32689FD1D00F02979 /* Info.plist */,
			);
			path = shopeeClone;
			sourceTree = "<group>";
		};
/* End PBXGroup section */

/* Begin PBXNativeTarget section */
		968BF2B12689FD1B00F02979 /* shopeeClone */ = {
			isa = PBXNativeTarget;
			buildConfigurationList = 968BF2C62689FD1D00F02979 /* Build configuration list for PBXNativeTarget "shopeeClone" */;
			buildPhases = (
				968BF2AE2689FD1B00F02979 /* Sources */,
				968BF2AF2689FD1B00F02979 /* Frameworks */,
				968BF2B02689FD1B00F02979 /* Resources */,
			);
			buildRules = (
			);
			dependencies = (
			);
			name = shopeeClone;
			productName = shopeeClone;
			productReference = 968BF2B22689FD1B00F02979 /* shopeeClone.app */;
			productType = "com.apple.product-type.application";
		};
/* End PBXNativeTarget section */

/* Begin PBXProject section */
		968BF2AA2689FD1B00F02979 /* Project object */ = {
			isa = PBXProject;
			attributes = {
				LastSwiftUpdateCheck = 1160;
				LastUpgradeCheck = 1160;
				ORGANIZATIONNAME = Yudstudio;
				TargetAttributes = {
					968BF2B12689FD1B00F02979 = {
						CreatedOnToolsVersion = 11.6;
					};
				};
			};
			buildConfigurationList = 968BF2AD2689FD1B00F02979 /* Build configuration list for PBXProject "shopeeClone" */;
			compatibilityVersion = "Xcode 9.3";
			developmentRegion = en;
			hasScannedForEncodings = 0;
			knownRegions = (
				en,
				Base,
			);
			mainGroup = 968BF2A92689FD1B00F02979;
			productRefGroup = 968BF2B32689FD1B00F02979 /* Products */;
			projectDirPath = "";
			projectRoot = "";
			targets = (
				968BF2B12689FD1B00F02979 /* shopeeClone */,
			);
		};
/* End PBXProject section */

/* Begin PBXResourcesBuildPhase section */
		968BF2B02689FD1B00F02979 /* Resources */ = {
			isa = PBXResourcesBuildPhase;
			buildActionMask = 2147483647;
			files = (
				968BF2C22689FD1D00F02979 /* LaunchScreen.storyboard in Resources */,
				968BF2BF2689FD1D00F02979 /* Assets.xcassets in Resources */,
				968BF2BD2689FD1B00F02979 /* Main.storyboard in Resources */,
			);
			runOnlyForDeploymentPostprocessing = 0;
		};
/* End PBXResourcesBuildPhase section */

/* Begin PBXSourcesBuildPhase section */
		968BF2AE2689FD1B00F02979 /* Sources */ = {
			isa = PBXSourcesBuildPhase;
			buildActionMask = 2147483647;
			files = (
				968BF2BA2689FD1B00F02979 /* ViewController.swift in Sources */,
				968BF2B62689FD1B00F02979 /* AppDelegate.swift in Sources */,
				968BF2B82689FD1B00F02979 /* SceneDelegate.swift in Sources */,
			);
			runOnlyForDeploymentPostprocessing = 0;
		};
/* End PBXSourcesBuildPhase section */

/* Begin PBXVariantGroup section */
		968BF2BB2689FD1B00F02979 /* Main.storyboard */ = {
			isa = PBXVariantGroup;
			children = (
				968BF2BC2689FD1B00F02979 /* Base */,
			);
			name = Main.storyboard;
			sourceTree = "<group>";
		};
		968BF2C02689FD1D00F02979 /* LaunchScreen.storyboard */ = {
			isa = PBXVariantGroup;
			children = (
				968BF2C12689FD1D00F02979 /* Base */,
			);
			name = LaunchScreen.storyboard;
			sourceTree = "<group>";
		};
/* End PBXVariantGroup section */

/* Begin XCBuildConfiguration section */
		968BF2C42689FD1D00F02979 /* Debug */ = {
			isa = XCBuildConfiguration;
			buildSettings = {
				ALWAYS_SEARCH_USER_PATHS = NO;
				CLANG_ANALYZER_NONNULL = YES;
				CLANG_ANALYZER_NUMBER_OBJECT_CONVERSION = YES_AGGRESSIVE;
				CLANG_CXX_LANGUAGE_STANDARD = "gnu++14";
				CLANG_CXX_LIBRARY = "libc++";
				CLANG_ENABLE_MODULES = YES;
				CLANG_ENABLE_OBJC_ARC = YES;
				CLANG_ENABLE_OBJC_WEAK = YES;
				CLANG_WARN_BLOCK_CAPTURE_AUTORELEASING = YES;
				CLANG_WARN_BOOL_CONVERSION = YES;
				CLANG_WARN_COMMA = YES;
				CLANG_WARN_CONSTANT_CONVERSION = YES;
				CLANG_WARN_DEPRECATED_OBJC_IMPLEMENTATIONS = YES;
				CLANG_WARN_DIRECT_OBJC_ISA_USAGE = YES_ERROR;
				CLANG_WARN_DOCUMENTATION_COMMENTS = YES;
				CLANG_WARN_EMPTY_BODY = YES;
				CLANG_WARN_ENUM_CONVERSION = YES;
				CLANG_WARN_INFINITE_RECURSION = YES;
				CLANG_WARN_INT_CONVERSION = YES;
				CLANG_WARN_NON_LITERAL_NULL_CONVERSION = YES;
				CLANG_WARN_OBJC_IMPLICIT_RETAIN_SELF = YES;
				CLANG_WARN_OBJC_LITERAL_CONVERSION = YES;
				CLANG_WARN_OBJC_ROOT_CLASS = YES_ERROR;
				CLANG_WARN_RANGE_LOOP_ANALYSIS = YES;
				CLANG_WARN_STRICT_PROTOTYPES = YES;
				CLANG_WARN_SUSPICIOUS_MOVE = YES;
				CLANG_WARN_UNGUARDED_AVAILABILITY = YES_AGGRESSIVE;
				CLANG_WARN_UNREACHABLE_CODE = YES;
				CLANG_WARN__DUPLICATE_METHOD_MATCH = YES;
				COPY_PHASE_STRIP = NO;
				DEBUG_INFORMATION_FORMAT = dwarf;
				ENABLE_STRICT_OBJC_MSGSEND = YES;
				ENABLE_TESTABILITY = YES;
				GCC_C_LANGUAGE_STANDARD = gnu11;
				GCC_DYNAMIC_NO_PIC = NO;
				GCC_NO_COMMON_BLOCKS = YES;
				GCC_OPTIMIZATION_LEVEL = 0;
				GCC_PREPROCESSOR_DEFINITIONS = (
					"DEBUG=1",
					"$(inherited)",
				);
				GCC_WARN_64_TO_32_BIT_CONVERSION = YES;
				GCC_WARN_ABOUT_RETURN_TYPE = YES_ERROR;
				GCC_WARN_UNDECLARED_SELECTOR = YES;
				GCC_WARN_UNINITIALIZED_AUTOS = YES_AGGRESSIVE;
				GCC_WARN_UNUSED_FUNCTION = YES;
				GCC_WARN_UNUSED_VARIABLE = YES;
				IPHONEOS_DEPLOYMENT_TARGET = 13.6;
				MTL_ENABLE_DEBUG_INFO = INCLUDE_SOURCE;
				MTL_FAST_MATH = YES;
				ONLY_ACTIVE_ARCH = YES;
				SDKROOT = iphoneos;
				SWIFT_ACTIVE_COMPILATION_CONDITIONS = DEBUG;
				SWIFT_OPTIMIZATION_LEVEL = "-Onone";
			};
			name = Debug;
		};
		968BF2C52689FD1D00F02979 /* Release */ = {
			isa = XCBuildConfiguration;
			buildSettings = {
				ALWAYS_SEARCH_USER_PATHS = NO;
				CLANG_ANALYZER_NONNULL = YES;
				CLANG_ANALYZER_NUMBER_OBJECT_CONVERSION = YES_AGGRESSIVE;
				CLANG_CXX_LANGUAGE_STANDARD = "gnu++14";
				CLANG_CXX_LIBRARY = "libc++";
				CLANG_ENABLE_MODULES = YES;
				CLANG_ENABLE_OBJC_ARC = YES;
				CLANG_ENABLE_OBJC_WEAK = YES;
				CLANG_WARN_BLOCK_CAPTURE_AUTORELEASING = YES;
				CLANG_WARN_BOOL_CONVERSION = YES;
				CLANG_WARN_COMMA = YES;
				CLANG_WARN_CONSTANT_CONVERSION = YES;
				CLANG_WARN_DEPRECATED_OBJC_IMPLEMENTATIONS = YES;
				CLANG_WARN_DIRECT_OBJC_ISA_USAGE = YES_ERROR;
				CLANG_WARN_DOCUMENTATION_COMMENTS = YES;
				CLANG_WARN_EMPTY_BODY = YES;
				CLANG_WARN_ENUM_CONVERSION = YES;
				CLANG_WARN_INFINITE_RECURSION = YES;
				CLANG_WARN_INT_CONVERSION = YES;
				CLANG_WARN_NON_LITERAL_NULL_CONVERSION = YES;
				CLANG_WARN_OBJC_IMPLICIT_RETAIN_SELF = YES;
				CLANG_WARN_OBJC_LITERAL_CONVERSION = YES;
				CLANG_WARN_OBJC_ROOT_CLASS = YES_ERROR;
				CLANG_WARN_RANGE_LOOP_ANALYSIS = YES;
				CLANG_WARN_STRICT_PROTOTYPES = YES;
				CLANG_WARN_SUSPICIOUS_MOVE = YES;
				CLANG_WARN_UNGUARDED_AVAILABILITY = YES_AGGRESSIVE;
				CLANG_WARN_UNREACHABLE_CODE = YES;
				CLANG_WARN__DUPLICATE_METHOD_MATCH = YES;
				COPY_PHASE_STRIP = NO;
				DEBUG_INFORMATION_FORMAT = "dwarf-with-dsym";
				ENABLE_NS_ASSERTIONS = NO;
				ENABLE_STRICT_OBJC_MSGSEND = YES;
				GCC_C_LANGUAGE_STANDARD = gnu11;
				GCC_NO_COMMON_BLOCKS = YES;
				GCC_WARN_64_TO_32_BIT_CONVERSION = YES;
				GCC_WARN_ABOUT_RETURN_TYPE = YES_ERROR;
				GCC_WARN_UNDECLARED_SELECTOR = YES;
				GCC_WARN_UNINITIALIZED_AUTOS = YES_AGGRESSIVE;
				GCC_WARN_UNUSED_FUNCTION = YES;
				GCC_WARN_UNUSED_VARIABLE = YES;
				IPHONEOS_DEPLOYMENT_TARGET = 13.6;
				MTL_ENABLE_DEBUG_INFO = NO;
				MTL_FAST_MATH = YES;
				SDKROOT = iphoneos;
				SWIFT_COMPILATION_MODE = wholemodule;
				SWIFT_OPTIMIZATION_LEVEL = "-O";
				VALIDATE_PRODUCT = YES;
			};
			name = Release;
		};
		968BF2C72689FD1D00F02979 /* Debug */ = {
			isa = XCBuildConfiguration;
			buildSettings = {
				ASSETCATALOG_COMPILER_APPICON_NAME = AppIcon;
				CODE_SIGN_STYLE = Automatic;
				DEVELOPMENT_TEAM = Z6YXC276XB;
				INFOPLIST_FILE = shopeeClone/Info.plist;
				LD_RUNPATH_SEARCH_PATHS = (
					"$(inherited)",
					"@executable_path/Frameworks",
				);
				PRODUCT_BUNDLE_IDENTIFIER = yudstudioid.shopeeClone;
				PRODUCT_NAME = "$(TARGET_NAME)";
				SWIFT_VERSION = 5.0;
				TARGETED_DEVICE_FAMILY = "1,2";
			};
			name = Debug;
		};
		968BF2C82689FD1D00F02979 /* Release */ = {
			isa = XCBuildConfiguration;
			buildSettings = {
				ASSETCATALOG_COMPILER_APPICON_NAME = AppIcon;
				CODE_SIGN_STYLE = Automatic;
				DEVELOPMENT_TEAM = Z6YXC276XB;
				INFOPLIST_FILE = shopeeClone/Info.plist;
				LD_RUNPATH_SEARCH_PATHS = (
					"$(inherited)",
					"@executable_path/Frameworks",
				);
				PRODUCT_BUNDLE_IDENTIFIER = yudstudioid.shopeeClone;
				PRODUCT_NAME = "$(TARGET_NAME)";
				SWIFT_VERSION = 5.0;
				TARGETED_DEVICE_FAMILY = "1,2";
			};
			name = Release;
		};
/* End XCBuildConfiguration section */

/* Begin XCConfigurationList section */
		968BF2AD2689FD1B00F02979 /* Build configuration list for PBXProject "shopeeClone" */ = {
			isa = XCConfigurationList;
			buildConfigurations = (
				968BF2C42689FD1D00F02979 /* Debug */,
				968BF2C52689FD1D00F02979 /* Release */,
			);
			defaultConfigurationIsVisible = 0;
			defaultConfigurationName = Release;
		};
		968BF2C62689FD1D00F02979 /* Build configuration list for PBXNativeTarget "shopeeClone" */ = {
			isa = XCConfigurationList;
			buildConfigurations = (
				968BF2C72689FD1D00F02979 /* Debug */,
				968BF2C82689FD1D00F02979 /* Release */,
			);
			defaultConfigurationIsVisible = 0;
			defaultConfigurationName = Release;
		};
/* End XCConfigurationList section */
	};
	rootObject = 968BF2AA2689FD1B00F02979 /* Project object */;
}
